
Microsoft Visual Studio Solution File, Format Version 12.00
# Visual Studio Version 17
VisualStudioVersion = 17.14.36414.22 d17.14
MinimumVisualStudioVersion = 10.0.40219.1
Project("{FAE04EC0-301F-11D3-BF4B-00C04F79EFBC}") = "API", "API\API.csproj", "{4D3F78EF-F54F-4133-93FB-7739655248F9}"
EndProject
Project("{FAE04EC0-301F-11D3-BF4B-00C04F79EFBC}") = "API.Utility", "API.Utility\API.Utility.csproj", "{1F937803-58E0-4726-BDFF-F639CD16E623}"
EndProject
Global
	GlobalSection(SolutionConfigurationPlatforms) = preSolution
		Debug|Any CPU = Debug|Any CPU
		Release|Any CPU = Release|Any CPU
	EndGlobalSection
	GlobalSection(ProjectConfigurationPlatforms) = postSolution
		{4D3F78EF-F54F-4133-93FB-7739655248F9}.Debug|Any CPU.ActiveCfg = Debug|Any CPU
		{4D3F78EF-F54F-4133-93FB-7739655248F9}.Debug|Any CPU.Build.0 = Debug|Any CPU
		{4D3F78EF-F54F-4133-93FB-7739655248F9}.Release|Any CPU.ActiveCfg = Release|Any CPU
		{4D3F78EF-F54F-4133-93FB-7739655248F9}.Release|Any CPU.Build.0 = Release|Any CPU
		{1F937803-58E0-4726-BDFF-F639CD16E623}.Debug|Any CPU.ActiveCfg = Debug|Any CPU
		{1F937803-58E0-4726-BDFF-F639CD16E623}.Debug|Any CPU.Build.0 = Debug|Any CPU
		{1F937803-58E0-4726-BDFF-F639CD16E623}.Release|Any CPU.ActiveCfg = Release|Any CPU
		{1F937803-58E0-4726-BDFF-F639CD16E623}.Release|Any CPU.Build.0 = Release|Any CPU
	EndGlobalSection
	GlobalSection(SolutionProperties) = preSolution
		HideSolutionNode = FALSE
	EndGlobalSection
	GlobalSection(ExtensibilityGlobals) = postSolution
		SolutionGuid = {A2E0F2CB-982D-466B-86AD-2775A910AAED}
	EndGlobalSection
EndGlobal
